
Microsoft Visual Studio Solution File, Format Version 12.00
# Visual Studio 15
VisualStudioVersion = 15.0.28307.136
MinimumVisualStudioVersion = 10.0.40219.1
Project("{FAE04EC0-301F-11D3-BF4B-00C04F79EFBC}") = "Ecole app", "Ecole app\Ecole app.csproj", "{C5271818-DE11-49D4-B916-C593332AB128}"
EndProject
Global
	GlobalSection(SolutionConfigurationPlatforms) = preSolution
		Debug|Any CPU = Debug|Any CPU
		Release|Any CPU = Release|Any CPU
	EndGlobalSection
	GlobalSection(ProjectConfigurationPlatforms) = postSolution
		{C5271818-DE11-49D4-B916-C593332AB128}.Debug|Any CPU.ActiveCfg = Debug|Any CPU
		{C5271818-DE11-49D4-B916-C593332AB128}.Debug|Any CPU.Build.0 = Debug|Any CPU
		{C5271818-DE11-49D4-B916-C593332AB128}.Release|Any CPU.ActiveCfg = Release|Any CPU
		{C5271818-DE11-49D4-B916-C593332AB128}.Release|Any CPU.Build.0 = Release|Any CPU
	EndGlobalSection
	GlobalSection(SolutionProperties) = preSolution
		HideSolutionNode = FALSE
	EndGlobalSection
	GlobalSection(ExtensibilityGlobals) = postSolution
		SolutionGuid = {A2752AB6-4FC7-4C84-85B3-3E214A3FE27A}
	EndGlobalSection
EndGlobal
